
Microsoft Visual Studio Solution File, Format Version 12.00
# Visual Studio Version 17
VisualStudioVersion = 17.3.32929.385
MinimumVisualStudioVersion = 10.0.40219.1
Project("{FAE04EC0-301F-11D3-BF4B-00C04F79EFBC}") = "OSL.Inventory.B2.Web", "OSL.Inventory.B2.Web\OSL.Inventory.B2.Web.csproj", "{0890121C-0289-4826-A595-A41BCC09C06C}"
EndProject
Project("{FAE04EC0-301F-11D3-BF4B-00C04F79EFBC}") = "OSL.Inventory.B2.Repository", "OSL.Inventory.B2.Repository\OSL.Inventory.B2.Repository.csproj", "{465F7B6A-B649-4A13-A762-86AA50A467A5}"
EndProject
Project("{FAE04EC0-301F-11D3-BF4B-00C04F79EFBC}") = "OSL.Inventory.B2.Entity", "OSL.Inventory.B2.Entity\OSL.Inventory.B2.Entity.csproj", "{18AE78EA-41FF-4F51-85BB-2F9C63CBA186}"
EndProject
Project("{FAE04EC0-301F-11D3-BF4B-00C04F79EFBC}") = "OSL.Inventory.B2.Service", "OSL.Inventory.B2.Service\OSL.Inventory.B2.Service.csproj", "{5E6FDFB6-8F76-451E-95DC-6C342788D8A6}"
EndProject
Global
	GlobalSection(SolutionConfigurationPlatforms) = preSolution
		Debug|Any CPU = Debug|Any CPU
		Release|Any CPU = Release|Any CPU
	EndGlobalSection
	GlobalSection(ProjectConfigurationPlatforms) = postSolution
		{0890121C-0289-4826-A595-A41BCC09C06C}.Debug|Any CPU.ActiveCfg = Debug|Any CPU
		{0890121C-0289-4826-A595-A41BCC09C06C}.Debug|Any CPU.Build.0 = Debug|Any CPU
		{0890121C-0289-4826-A595-A41BCC09C06C}.Release|Any CPU.ActiveCfg = Release|Any CPU
		{0890121C-0289-4826-A595-A41BCC09C06C}.Release|Any CPU.Build.0 = Release|Any CPU
		{465F7B6A-B649-4A13-A762-86AA50A467A5}.Debug|Any CPU.ActiveCfg = Debug|Any CPU
		{465F7B6A-B649-4A13-A762-86AA50A467A5}.Debug|Any CPU.Build.0 = Debug|Any CPU
		{465F7B6A-B649-4A13-A762-86AA50A467A5}.Release|Any CPU.ActiveCfg = Release|Any CPU
		{465F7B6A-B649-4A13-A762-86AA50A467A5}.Release|Any CPU.Build.0 = Release|Any CPU
		{18AE78EA-41FF-4F51-85BB-2F9C63CBA186}.Debug|Any CPU.ActiveCfg = Debug|Any CPU
		{18AE78EA-41FF-4F51-85BB-2F9C63CBA186}.Debug|Any CPU.Build.0 = Debug|Any CPU
		{18AE78EA-41FF-4F51-85BB-2F9C63CBA186}.Release|Any CPU.ActiveCfg = Release|Any CPU
		{18AE78EA-41FF-4F51-85BB-2F9C63CBA186}.Release|Any CPU.Build.0 = Release|Any CPU
		{5E6FDFB6-8F76-451E-95DC-6C342788D8A6}.Debug|Any CPU.ActiveCfg = Debug|Any CPU
		{5E6FDFB6-8F76-451E-95DC-6C342788D8A6}.Debug|Any CPU.Build.0 = Debug|Any CPU
		{5E6FDFB6-8F76-451E-95DC-6C342788D8A6}.Release|Any CPU.ActiveCfg = Release|Any CPU
		{5E6FDFB6-8F76-451E-95DC-6C342788D8A6}.Release|Any CPU.Build.0 = Release|Any CPU
	EndGlobalSection
	GlobalSection(SolutionProperties) = preSolution
		HideSolutionNode = FALSE
	EndGlobalSection
	GlobalSection(ExtensibilityGlobals) = postSolution
		SolutionGuid = {D3DF166F-1BF2-41A6-8579-2ABBD9C8D330}
	EndGlobalSection
EndGlobal
